
Microsoft Visual Studio Solution File, Format Version 12.00
# Visual Studio 2012
Project("{8BC9CEB8-8B4A-11D0-8D11-00A0C91BC942}") = "testDS1337", "testDS1337.vcxproj", "{3BA688BC-F7A6-4A00-9081-7B0E684957E8}"
EndProject
Global
	GlobalSection(SolutionConfigurationPlatforms) = preSolution
		Debug|Win32 = Debug|Win32
		Release|Win32 = Release|Win32
	EndGlobalSection
	GlobalSection(ProjectConfigurationPlatforms) = postSolution
		{3BA688BC-F7A6-4A00-9081-7B0E684957E8}.Debug|Win32.ActiveCfg = Debug|Win32
		{3BA688BC-F7A6-4A00-9081-7B0E684957E8}.Debug|Win32.Build.0 = Debug|Win32
		{3BA688BC-F7A6-4A00-9081-7B0E684957E8}.Release|Win32.ActiveCfg = Release|Win32
		{3BA688BC-F7A6-4A00-9081-7B0E684957E8}.Release|Win32.Build.0 = Release|Win32
	EndGlobalSection
	GlobalSection(SolutionProperties) = preSolution
		HideSolutionNode = FALSE
	EndGlobalSection
EndGlobal
